
Microsoft Visual Studio Solution File, Format Version 12.00
# Visual Studio Version 17
VisualStudioVersion = 17.9.34607.119
MinimumVisualStudioVersion = 10.0.40219.1
Project("{FAE04EC0-301F-11D3-BF4B-00C04F79EFBC}") = "Bakery", "Bakery\Bakery.csproj", "{48F7C345-08E8-446A-8817-1D6565545881}"
EndProject
Global
	GlobalSection(SolutionConfigurationPlatforms) = preSolution
		Debug|Any CPU = Debug|Any CPU
		Release|Any CPU = Release|Any CPU
	EndGlobalSection
	GlobalSection(ProjectConfigurationPlatforms) = postSolution
		{48F7C345-08E8-446A-8817-1D6565545881}.Debug|Any CPU.ActiveCfg = Debug|Any CPU
		{48F7C345-08E8-446A-8817-1D6565545881}.Debug|Any CPU.Build.0 = Debug|Any CPU
		{48F7C345-08E8-446A-8817-1D6565545881}.Release|Any CPU.ActiveCfg = Release|Any CPU
		{48F7C345-08E8-446A-8817-1D6565545881}.Release|Any CPU.Build.0 = Release|Any CPU
	EndGlobalSection
	GlobalSection(SolutionProperties) = preSolution
		HideSolutionNode = FALSE
	EndGlobalSection
	GlobalSection(ExtensibilityGlobals) = postSolution
		SolutionGuid = {5D887003-D60E-4BBE-9EE5-43CDECC6856C}
	EndGlobalSection
EndGlobal
